
Microsoft Visual Studio Solution File, Format Version 11.00
# Visual Studio 2010
Project("{FAE04EC0-301F-11D3-BF4B-00C04F79EFBC}") = "EC2Utilities.Common", "EC2Utilities.Common\EC2Utilities.Common.csproj", "{F6FE2820-D0BC-4926-9085-6BCDFAE08458}"
EndProject
Project("{FAE04EC0-301F-11D3-BF4B-00C04F79EFBC}") = "EC2Utilities.Host.Console", "EC2Utilities.Host.Console\EC2Utilities.Host.Console.csproj", "{3AAA0C2F-0752-4DDF-B2C5-6D35E1B9B8A3}"
EndProject
Project("{FAE04EC0-301F-11D3-BF4B-00C04F79EFBC}") = "EC2Utilities.Installer", "EC2Utilities.Installer\EC2Utilities.Installer.csproj", "{56BC7C28-561D-4EBD-8DF1-02E3E553AEA2}"
EndProject
Project("{FAE04EC0-301F-11D3-BF4B-00C04F79EFBC}") = "EC2Utilities.Host.WebApp", "EC2Utilities.Host.WebApp\EC2Utilities.Host.WebApp.csproj", "{6282658A-9940-4A01-B194-96439165D805}"
EndProject
Global
	GlobalSection(SolutionConfigurationPlatforms) = preSolution
		Debug|Any CPU = Debug|Any CPU
		Debug|Mixed Platforms = Debug|Mixed Platforms
		Debug|x86 = Debug|x86
		Release|Any CPU = Release|Any CPU
		Release|Mixed Platforms = Release|Mixed Platforms
		Release|x86 = Release|x86
	EndGlobalSection
	GlobalSection(ProjectConfigurationPlatforms) = postSolution
		{F6FE2820-D0BC-4926-9085-6BCDFAE08458}.Debug|Any CPU.ActiveCfg = Debug|Any CPU
		{F6FE2820-D0BC-4926-9085-6BCDFAE08458}.Debug|Any CPU.Build.0 = Debug|Any CPU
		{F6FE2820-D0BC-4926-9085-6BCDFAE08458}.Debug|Mixed Platforms.ActiveCfg = Debug|Any CPU
		{F6FE2820-D0BC-4926-9085-6BCDFAE08458}.Debug|Mixed Platforms.Build.0 = Debug|Any CPU
		{F6FE2820-D0BC-4926-9085-6BCDFAE08458}.Debug|x86.ActiveCfg = Debug|Any CPU
		{F6FE2820-D0BC-4926-9085-6BCDFAE08458}.Release|Any CPU.ActiveCfg = Release|Any CPU
		{F6FE2820-D0BC-4926-9085-6BCDFAE08458}.Release|Any CPU.Build.0 = Release|Any CPU
		{F6FE2820-D0BC-4926-9085-6BCDFAE08458}.Release|Mixed Platforms.ActiveCfg = Release|Any CPU
		{F6FE2820-D0BC-4926-9085-6BCDFAE08458}.Release|Mixed Platforms.Build.0 = Release|Any CPU
		{F6FE2820-D0BC-4926-9085-6BCDFAE08458}.Release|x86.ActiveCfg = Release|Any CPU
		{3AAA0C2F-0752-4DDF-B2C5-6D35E1B9B8A3}.Debug|Any CPU.ActiveCfg = Debug|x86
		{3AAA0C2F-0752-4DDF-B2C5-6D35E1B9B8A3}.Debug|Mixed Platforms.ActiveCfg = Debug|x86
		{3AAA0C2F-0752-4DDF-B2C5-6D35E1B9B8A3}.Debug|Mixed Platforms.Build.0 = Debug|x86
		{3AAA0C2F-0752-4DDF-B2C5-6D35E1B9B8A3}.Debug|x86.ActiveCfg = Debug|x86
		{3AAA0C2F-0752-4DDF-B2C5-6D35E1B9B8A3}.Debug|x86.Build.0 = Debug|x86
		{3AAA0C2F-0752-4DDF-B2C5-6D35E1B9B8A3}.Release|Any CPU.ActiveCfg = Release|x86
		{3AAA0C2F-0752-4DDF-B2C5-6D35E1B9B8A3}.Release|Mixed Platforms.ActiveCfg = Release|x86
		{3AAA0C2F-0752-4DDF-B2C5-6D35E1B9B8A3}.Release|Mixed Platforms.Build.0 = Release|x86
		{3AAA0C2F-0752-4DDF-B2C5-6D35E1B9B8A3}.Release|x86.ActiveCfg = Release|x86
		{3AAA0C2F-0752-4DDF-B2C5-6D35E1B9B8A3}.Release|x86.Build.0 = Release|x86
		{56BC7C28-561D-4EBD-8DF1-02E3E553AEA2}.Debug|Any CPU.ActiveCfg = Debug|Any CPU
		{56BC7C28-561D-4EBD-8DF1-02E3E553AEA2}.Debug|Any CPU.Build.0 = Debug|Any CPU
		{56BC7C28-561D-4EBD-8DF1-02E3E553AEA2}.Debug|Mixed Platforms.ActiveCfg = Debug|Any CPU
		{56BC7C28-561D-4EBD-8DF1-02E3E553AEA2}.Debug|Mixed Platforms.Build.0 = Debug|Any CPU
		{56BC7C28-561D-4EBD-8DF1-02E3E553AEA2}.Debug|x86.ActiveCfg = Debug|Any CPU
		{56BC7C28-561D-4EBD-8DF1-02E3E553AEA2}.Release|Any CPU.ActiveCfg = Release|Any CPU
		{56BC7C28-561D-4EBD-8DF1-02E3E553AEA2}.Release|Any CPU.Build.0 = Release|Any CPU
		{56BC7C28-561D-4EBD-8DF1-02E3E553AEA2}.Release|Mixed Platforms.ActiveCfg = Release|Any CPU
		{56BC7C28-561D-4EBD-8DF1-02E3E553AEA2}.Release|Mixed Platforms.Build.0 = Release|Any CPU
		{56BC7C28-561D-4EBD-8DF1-02E3E553AEA2}.Release|x86.ActiveCfg = Release|Any CPU
		{6282658A-9940-4A01-B194-96439165D805}.Debug|Any CPU.ActiveCfg = Debug|Any CPU
		{6282658A-9940-4A01-B194-96439165D805}.Debug|Any CPU.Build.0 = Debug|Any CPU
		{6282658A-9940-4A01-B194-96439165D805}.Debug|Mixed Platforms.ActiveCfg = Debug|Any CPU
		{6282658A-9940-4A01-B194-96439165D805}.Debug|Mixed Platforms.Build.0 = Debug|Any CPU
		{6282658A-9940-4A01-B194-96439165D805}.Debug|x86.ActiveCfg = Debug|Any CPU
		{6282658A-9940-4A01-B194-96439165D805}.Release|Any CPU.ActiveCfg = Release|Any CPU
		{6282658A-9940-4A01-B194-96439165D805}.Release|Any CPU.Build.0 = Release|Any CPU
		{6282658A-9940-4A01-B194-96439165D805}.Release|Mixed Platforms.ActiveCfg = Release|Any CPU
		{6282658A-9940-4A01-B194-96439165D805}.Release|Mixed Platforms.Build.0 = Release|Any CPU
		{6282658A-9940-4A01-B194-96439165D805}.Release|x86.ActiveCfg = Release|Any CPU
	EndGlobalSection
	GlobalSection(SolutionProperties) = preSolution
		HideSolutionNode = FALSE
	EndGlobalSection
EndGlobal
