
Microsoft Visual Studio Solution File, Format Version 11.00
# Visual Studio 2010
Project("{FAE04EC0-301F-11D3-BF4B-00C04F79EFBC}") = "EC2Utilities.Common", "EC2Utilities.Common\EC2Utilities.Common.csproj", "{F6FE2820-D0BC-4926-9085-6BCDFAE08458}"
EndProject
Project("{FAE04EC0-301F-11D3-BF4B-00C04F79EFBC}") = "EC2Utilities.Host.Console", "EC2Utilities.Host.Console\EC2Utilities.Host.Console.csproj", "{3AAA0C2F-0752-4DDF-B2C5-6D35E1B9B8A3}"
EndProject
Project("{FAE04EC0-301F-11D3-BF4B-00C04F79EFBC}") = "EC2Utilities.Installer", "EC2Utilities.Installer\EC2Utilities.Installer.csproj", "{56BC7C28-561D-4EBD-8DF1-02E3E553AEA2}"
EndProject
Project("{FAE04EC0-301F-11D3-BF4B-00C04F79EFBC}") = "EC2Utilities.Host.WebApp", "EC2Utilities.Host.WebApp\EC2Utilities.Host.WebApp.csproj", "{6282658A-9940-4A01-B194-96439165D805}"
EndProject
Project("{FAE04EC0-301F-11D3-BF4B-00C04F79EFBC}") = "EC2Utilities.ServiceBus", "EC2Utilities.ServiceBus\EC2Utilities.ServiceBus.csproj", "{FC932CE3-EE47-42C9-8D80-787E076BAF6B}"
EndProject
Project("{FAE04EC0-301F-11D3-BF4B-00C04F79EFBC}") = "EC2Utilities.Test", "EC2Utilities.Test\EC2Utilities.Test.csproj", "{FDC0600A-1469-4405-A570-B22890B06BD7}"
EndProject
Project("{2150E333-8FDC-42A3-9474-1A3956D46DE8}") = "Solution Items", "Solution Items", "{A8F8CF54-A498-4B30-B10C-81F08AEB8882}"
	ProjectSection(SolutionItems) = preProject
		EC2Utilities.vsmdi = EC2Utilities.vsmdi
		Local.testsettings = Local.testsettings
		TraceAndTestImpact.testsettings = TraceAndTestImpact.testsettings
	EndProjectSection
EndProject
Project("{2150E333-8FDC-42A3-9474-1A3956D46DE8}") = ".nuget", ".nuget", "{E3EF4432-7A68-42AF-B0EF-BCC0918B57B9}"
	ProjectSection(SolutionItems) = preProject
		.nuget\NuGet.Config = .nuget\NuGet.Config
		.nuget\NuGet.exe = .nuget\NuGet.exe
		.nuget\NuGet.targets = .nuget\NuGet.targets
	EndProjectSection
EndProject
Global
	GlobalSection(TestCaseManagementSettings) = postSolution
		CategoryFile = EC2Utilities.vsmdi
	EndGlobalSection
	GlobalSection(SolutionConfigurationPlatforms) = preSolution
		Debug|Any CPU = Debug|Any CPU
		Debug|Mixed Platforms = Debug|Mixed Platforms
		Debug|x86 = Debug|x86
		Release|Any CPU = Release|Any CPU
		Release|Mixed Platforms = Release|Mixed Platforms
		Release|x86 = Release|x86
	EndGlobalSection
	GlobalSection(ProjectConfigurationPlatforms) = postSolution
		{F6FE2820-D0BC-4926-9085-6BCDFAE08458}.Debug|Any CPU.ActiveCfg = Debug|Any CPU
		{F6FE2820-D0BC-4926-9085-6BCDFAE08458}.Debug|Any CPU.Build.0 = Debug|Any CPU
		{F6FE2820-D0BC-4926-9085-6BCDFAE08458}.Debug|Mixed Platforms.ActiveCfg = Debug|Any CPU
		{F6FE2820-D0BC-4926-9085-6BCDFAE08458}.Debug|Mixed Platforms.Build.0 = Debug|Any CPU
		{F6FE2820-D0BC-4926-9085-6BCDFAE08458}.Debug|x86.ActiveCfg = Debug|Any CPU
		{F6FE2820-D0BC-4926-9085-6BCDFAE08458}.Release|Any CPU.ActiveCfg = Release|Any CPU
		{F6FE2820-D0BC-4926-9085-6BCDFAE08458}.Release|Any CPU.Build.0 = Release|Any CPU
		{F6FE2820-D0BC-4926-9085-6BCDFAE08458}.Release|Mixed Platforms.ActiveCfg = Release|Any CPU
		{F6FE2820-D0BC-4926-9085-6BCDFAE08458}.Release|Mixed Platforms.Build.0 = Release|Any CPU
		{F6FE2820-D0BC-4926-9085-6BCDFAE08458}.Release|x86.ActiveCfg = Release|Any CPU
		{3AAA0C2F-0752-4DDF-B2C5-6D35E1B9B8A3}.Debug|Any CPU.ActiveCfg = Debug|x86
		{3AAA0C2F-0752-4DDF-B2C5-6D35E1B9B8A3}.Debug|Mixed Platforms.ActiveCfg = Debug|x86
		{3AAA0C2F-0752-4DDF-B2C5-6D35E1B9B8A3}.Debug|Mixed Platforms.Build.0 = Debug|x86
		{3AAA0C2F-0752-4DDF-B2C5-6D35E1B9B8A3}.Debug|x86.ActiveCfg = Debug|x86
		{3AAA0C2F-0752-4DDF-B2C5-6D35E1B9B8A3}.Debug|x86.Build.0 = Debug|x86
		{3AAA0C2F-0752-4DDF-B2C5-6D35E1B9B8A3}.Release|Any CPU.ActiveCfg = Release|x86
		{3AAA0C2F-0752-4DDF-B2C5-6D35E1B9B8A3}.Release|Mixed Platforms.ActiveCfg = Release|x86
		{3AAA0C2F-0752-4DDF-B2C5-6D35E1B9B8A3}.Release|Mixed Platforms.Build.0 = Release|x86
		{3AAA0C2F-0752-4DDF-B2C5-6D35E1B9B8A3}.Release|x86.ActiveCfg = Release|x86
		{3AAA0C2F-0752-4DDF-B2C5-6D35E1B9B8A3}.Release|x86.Build.0 = Release|x86
		{56BC7C28-561D-4EBD-8DF1-02E3E553AEA2}.Debug|Any CPU.ActiveCfg = Debug|Any CPU
		{56BC7C28-561D-4EBD-8DF1-02E3E553AEA2}.Debug|Any CPU.Build.0 = Debug|Any CPU
		{56BC7C28-561D-4EBD-8DF1-02E3E553AEA2}.Debug|Mixed Platforms.ActiveCfg = Debug|Any CPU
		{56BC7C28-561D-4EBD-8DF1-02E3E553AEA2}.Debug|Mixed Platforms.Build.0 = Debug|Any CPU
		{56BC7C28-561D-4EBD-8DF1-02E3E553AEA2}.Debug|x86.ActiveCfg = Debug|Any CPU
		{56BC7C28-561D-4EBD-8DF1-02E3E553AEA2}.Release|Any CPU.ActiveCfg = Release|Any CPU
		{56BC7C28-561D-4EBD-8DF1-02E3E553AEA2}.Release|Any CPU.Build.0 = Release|Any CPU
		{56BC7C28-561D-4EBD-8DF1-02E3E553AEA2}.Release|Mixed Platforms.ActiveCfg = Release|Any CPU
		{56BC7C28-561D-4EBD-8DF1-02E3E553AEA2}.Release|Mixed Platforms.Build.0 = Release|Any CPU
		{56BC7C28-561D-4EBD-8DF1-02E3E553AEA2}.Release|x86.ActiveCfg = Release|Any CPU
		{6282658A-9940-4A01-B194-96439165D805}.Debug|Any CPU.ActiveCfg = Debug|Any CPU
		{6282658A-9940-4A01-B194-96439165D805}.Debug|Any CPU.Build.0 = Debug|Any CPU
		{6282658A-9940-4A01-B194-96439165D805}.Debug|Mixed Platforms.ActiveCfg = Debug|Any CPU
		{6282658A-9940-4A01-B194-96439165D805}.Debug|Mixed Platforms.Build.0 = Debug|Any CPU
		{6282658A-9940-4A01-B194-96439165D805}.Debug|x86.ActiveCfg = Debug|Any CPU
		{6282658A-9940-4A01-B194-96439165D805}.Release|Any CPU.ActiveCfg = Release|Any CPU
		{6282658A-9940-4A01-B194-96439165D805}.Release|Any CPU.Build.0 = Release|Any CPU
		{6282658A-9940-4A01-B194-96439165D805}.Release|Mixed Platforms.ActiveCfg = Release|Any CPU
		{6282658A-9940-4A01-B194-96439165D805}.Release|Mixed Platforms.Build.0 = Release|Any CPU
		{6282658A-9940-4A01-B194-96439165D805}.Release|x86.ActiveCfg = Release|Any CPU
		{FC932CE3-EE47-42C9-8D80-787E076BAF6B}.Debug|Any CPU.ActiveCfg = Debug|Any CPU
		{FC932CE3-EE47-42C9-8D80-787E076BAF6B}.Debug|Any CPU.Build.0 = Debug|Any CPU
		{FC932CE3-EE47-42C9-8D80-787E076BAF6B}.Debug|Mixed Platforms.ActiveCfg = Debug|Any CPU
		{FC932CE3-EE47-42C9-8D80-787E076BAF6B}.Debug|Mixed Platforms.Build.0 = Debug|Any CPU
		{FC932CE3-EE47-42C9-8D80-787E076BAF6B}.Debug|x86.ActiveCfg = Debug|Any CPU
		{FC932CE3-EE47-42C9-8D80-787E076BAF6B}.Release|Any CPU.ActiveCfg = Release|Any CPU
		{FC932CE3-EE47-42C9-8D80-787E076BAF6B}.Release|Any CPU.Build.0 = Release|Any CPU
		{FC932CE3-EE47-42C9-8D80-787E076BAF6B}.Release|Mixed Platforms.ActiveCfg = Release|Any CPU
		{FC932CE3-EE47-42C9-8D80-787E076BAF6B}.Release|Mixed Platforms.Build.0 = Release|Any CPU
		{FC932CE3-EE47-42C9-8D80-787E076BAF6B}.Release|x86.ActiveCfg = Release|Any CPU
		{FDC0600A-1469-4405-A570-B22890B06BD7}.Debug|Any CPU.ActiveCfg = Debug|Any CPU
		{FDC0600A-1469-4405-A570-B22890B06BD7}.Debug|Any CPU.Build.0 = Debug|Any CPU
		{FDC0600A-1469-4405-A570-B22890B06BD7}.Debug|Mixed Platforms.ActiveCfg = Debug|Any CPU
		{FDC0600A-1469-4405-A570-B22890B06BD7}.Debug|Mixed Platforms.Build.0 = Debug|Any CPU
		{FDC0600A-1469-4405-A570-B22890B06BD7}.Debug|x86.ActiveCfg = Debug|Any CPU
		{FDC0600A-1469-4405-A570-B22890B06BD7}.Release|Any CPU.ActiveCfg = Release|Any CPU
		{FDC0600A-1469-4405-A570-B22890B06BD7}.Release|Any CPU.Build.0 = Release|Any CPU
		{FDC0600A-1469-4405-A570-B22890B06BD7}.Release|Mixed Platforms.ActiveCfg = Release|Any CPU
		{FDC0600A-1469-4405-A570-B22890B06BD7}.Release|Mixed Platforms.Build.0 = Release|Any CPU
		{FDC0600A-1469-4405-A570-B22890B06BD7}.Release|x86.ActiveCfg = Release|Any CPU
	EndGlobalSection
	GlobalSection(SolutionProperties) = preSolution
		HideSolutionNode = FALSE
	EndGlobalSection
EndGlobal
